
Microsoft Visual Studio Solution File, Format Version 12.00
# Visual Studio Version 16
VisualStudioVersion = 16.0.30907.101
MinimumVisualStudioVersion = 10.0.40219.1
Project("{FAE04EC0-301F-11D3-BF4B-00C04F79EFBC}") = "QuanLyQuanCafe", "QuanLyQuanCafe\QuanLyQuanCafe.csproj", "{F20BE2C5-8B04-47DE-8083-F6B6C6E53FAF}"
EndProject
Global
	GlobalSection(SolutionConfigurationPlatforms) = preSolution
		Debug|Any CPU = Debug|Any CPU
		Release|Any CPU = Release|Any CPU
	EndGlobalSection
	GlobalSection(ProjectConfigurationPlatforms) = postSolution
		{F20BE2C5-8B04-47DE-8083-F6B6C6E53FAF}.Debug|Any CPU.ActiveCfg = Debug|Any CPU
		{F20BE2C5-8B04-47DE-8083-F6B6C6E53FAF}.Debug|Any CPU.Build.0 = Debug|Any CPU
		{F20BE2C5-8B04-47DE-8083-F6B6C6E53FAF}.Release|Any CPU.ActiveCfg = Release|Any CPU
		{F20BE2C5-8B04-47DE-8083-F6B6C6E53FAF}.Release|Any CPU.Build.0 = Release|Any CPU
	EndGlobalSection
	GlobalSection(SolutionProperties) = preSolution
		HideSolutionNode = FALSE
	EndGlobalSection
	GlobalSection(ExtensibilityGlobals) = postSolution
		SolutionGuid = {A9EFEC2D-F3B5-430E-8DDA-E426BBAD14F9}
	EndGlobalSection
EndGlobal
